{
  "name": "wiz-light-skill",
  "version": "1.0.0",
  "lockfileVersion": 3,
  "requires": true,
  "packages": {
    "": {
      "name": "wiz-light-skill",
      "version": "1.0.0",
      "license": "MIT",
      "dependencies": {
        "wiz-light": "^1.0.3"
      },
      "engines": {
        "node": ">=14.0.0"
      }
    },
    "node_modules/wiz-light": {
      "version": "1.0.3",
      "resolved": "https://registry.npmjs.org/wiz-light/-/wiz-light-1.0.3.tgz",
      "integrity": "sha512-wW+3jt8/L+m5GuGroFVs3fWSV/oOWiNp0alkw6FBvgznCoOtA7VuIzAjpoQGaqyNfxkB9Ue3DQ4nCbH2xC2ujA==",
      "license": "MIT"
    }
  }
}
